
Microsoft Visual Studio Solution File, Format Version 12.00
# Visual Studio Version 16
VisualStudioVersion = 16.0.30907.101
MinimumVisualStudioVersion = 10.0.40219.1
Project("{9A19103F-16F7-4668-BE54-9A1E7A4F7556}") = "Interfaces", "Interfaces\Interfaces.csproj", "{32957AAD-DCDF-4F64-A655-AF940E51B0D5}"
EndProject
Project("{9A19103F-16F7-4668-BE54-9A1E7A4F7556}") = "InterfaceAbstractDemo", "InterfaceAbstractDemo\InterfaceAbstractDemo.csproj", "{80F818EA-81FF-4D46-ABFB-13239A3CE1C1}"
EndProject
Global
	GlobalSection(SolutionConfigurationPlatforms) = preSolution
		Debug|Any CPU = Debug|Any CPU
		Release|Any CPU = Release|Any CPU
	EndGlobalSection
	GlobalSection(ProjectConfigurationPlatforms) = postSolution
		{32957AAD-DCDF-4F64-A655-AF940E51B0D5}.Debug|Any CPU.ActiveCfg = Debug|Any CPU
		{32957AAD-DCDF-4F64-A655-AF940E51B0D5}.Debug|Any CPU.Build.0 = Debug|Any CPU
		{32957AAD-DCDF-4F64-A655-AF940E51B0D5}.Release|Any CPU.ActiveCfg = Release|Any CPU
		{32957AAD-DCDF-4F64-A655-AF940E51B0D5}.Release|Any CPU.Build.0 = Release|Any CPU
		{80F818EA-81FF-4D46-ABFB-13239A3CE1C1}.Debug|Any CPU.ActiveCfg = Debug|Any CPU
		{80F818EA-81FF-4D46-ABFB-13239A3CE1C1}.Debug|Any CPU.Build.0 = Debug|Any CPU
		{80F818EA-81FF-4D46-ABFB-13239A3CE1C1}.Release|Any CPU.ActiveCfg = Release|Any CPU
		{80F818EA-81FF-4D46-ABFB-13239A3CE1C1}.Release|Any CPU.Build.0 = Release|Any CPU
	EndGlobalSection
	GlobalSection(SolutionProperties) = preSolution
		HideSolutionNode = FALSE
	EndGlobalSection
	GlobalSection(ExtensibilityGlobals) = postSolution
		SolutionGuid = {8A263E6F-124B-4CF0-B41E-40AE457874A9}
	EndGlobalSection
EndGlobal
